
Microsoft Visual Studio Solution File, Format Version 12.00
# Visual Studio Version 17
VisualStudioVersion = 17.5.33627.172
MinimumVisualStudioVersion = 10.0.40219.1
Project("{9A19103F-16F7-4668-BE54-9A1E7A4F7556}") = "Ejecicio1DeVector1.0", "Ejecicio1DeVector1.0\Ejecicio1DeVector1.0.csproj", "{1BE644FB-3E29-4886-B85C-EDD4ADAC2F54}"
EndProject
Project("{FAE04EC0-301F-11D3-BF4B-00C04F79EFBC}") = "Ejercicio01Vector", "Ejercicio01Vector\Ejercicio01Vector.csproj", "{2A0317A0-8C88-4D20-BDC0-0C34A32B11BF}"
EndProject
Global
	GlobalSection(SolutionConfigurationPlatforms) = preSolution
		Debug|Any CPU = Debug|Any CPU
		Release|Any CPU = Release|Any CPU
	EndGlobalSection
	GlobalSection(ProjectConfigurationPlatforms) = postSolution
		{1BE644FB-3E29-4886-B85C-EDD4ADAC2F54}.Debug|Any CPU.ActiveCfg = Debug|Any CPU
		{1BE644FB-3E29-4886-B85C-EDD4ADAC2F54}.Debug|Any CPU.Build.0 = Debug|Any CPU
		{1BE644FB-3E29-4886-B85C-EDD4ADAC2F54}.Release|Any CPU.ActiveCfg = Release|Any CPU
		{1BE644FB-3E29-4886-B85C-EDD4ADAC2F54}.Release|Any CPU.Build.0 = Release|Any CPU
		{2A0317A0-8C88-4D20-BDC0-0C34A32B11BF}.Debug|Any CPU.ActiveCfg = Debug|Any CPU
		{2A0317A0-8C88-4D20-BDC0-0C34A32B11BF}.Debug|Any CPU.Build.0 = Debug|Any CPU
		{2A0317A0-8C88-4D20-BDC0-0C34A32B11BF}.Release|Any CPU.ActiveCfg = Release|Any CPU
		{2A0317A0-8C88-4D20-BDC0-0C34A32B11BF}.Release|Any CPU.Build.0 = Release|Any CPU
	EndGlobalSection
	GlobalSection(SolutionProperties) = preSolution
		HideSolutionNode = FALSE
	EndGlobalSection
	GlobalSection(ExtensibilityGlobals) = postSolution
		SolutionGuid = {6FF669C9-CF90-432A-84DF-8C48E285F763}
	EndGlobalSection
EndGlobal
